<?xml version="1.0" encoding="utf-8"?>
<Project ToolsVersion="4.0" xmlns="http://schemas.microsoft.com/developer/msbuild/2003">
  <ItemGroup>
    <ClInclude Include="..\..\src\LocoMotor_Graphics\include\GraphicsManager.h">
      <Filter>Archivos de encabezado</Filter>
    </ClInclude>
    <ClInclude Include="..\..\src\LocoMotor_Graphics\include\ParticleSystem.h">
      <Filter>Archivos de encabezado</Filter>
    </ClInclude>
    <ClInclude Include="..\..\src\LocoMotor_Graphics\include\Camera.h">
      <Filter>Archivos de encabezado</Filter>
    </ClInclude>
    <ClInclude Include="..\..\src\LocoMotor_Graphics\include\MeshRenderer.h">
      <Filter>Archivos de encabezado</Filter>
    </ClInclude>
    <ClInclude Include="..\..\src\LocoMotor_Graphics\include\SGTechniqueResolverListener.h">
      <Filter>Archivos de encabezado</Filter>
    </ClInclude>
    <ClInclude Include="..\..\src\LocoMotor_Graphics\include\OverlayManager.h">
      <Filter>Archivos de encabezado\Overlay</Filter>
    </ClInclude>
    <ClInclude Include="..\..\src\LocoMotor_Graphics\include\UIImage.h">
      <Filter>Archivos de encabezado\Overlay</Filter>
    </ClInclude>
    <ClInclude Include="..\..\src\LocoMotor_Graphics\include\UIText.h">
      <Filter>Archivos de encabezado\Overlay</Filter>
    </ClInclude>
    <ClInclude Include="..\..\src\LocoMotor_Graphics\include\Light.h">
      <Filter>Archivos de encabezado</Filter>
    </ClInclude>
  </ItemGroup>
  <ItemGroup>
    <Filter Include="Archivos de encabezado">
      <UniqueIdentifier>{161009eb-f894-441f-acc0-92ca7d60e8ab}</UniqueIdentifier>
    </Filter>
    <Filter Include="Archivos de origen">
      <UniqueIdentifier>{af842ac5-2736-48d3-b0a2-361173cd8893}</UniqueIdentifier>
    </Filter>
    <Filter Include="Archivos de encabezado\Overlay">
      <UniqueIdentifier>{6b506923-ae99-4687-b763-24ec3f9aac05}</UniqueIdentifier>
    </Filter>
    <Filter Include="Archivos de origen\Overlay">
      <UniqueIdentifier>{0dfd7de9-6737-4326-9e4f-1b74387e490a}</UniqueIdentifier>
    </Filter>
  </ItemGroup>
  <ItemGroup>
    <ClCompile Include="..\..\src\LocoMotor_Graphics\cpp\GraphicsManager.cpp">
      <Filter>Archivos de origen</Filter>
    </ClCompile>
    <ClCompile Include="..\..\src\LocoMotor_Graphics\cpp\Camera.cpp">
      <Filter>Archivos de origen</Filter>
    </ClCompile>
    <ClCompile Include="..\..\src\LocoMotor_Graphics\cpp\ParticleSystem.cpp">
      <Filter>Archivos de origen</Filter>
    </ClCompile>
    <ClCompile Include="..\..\src\LocoMotor_Graphics\cpp\MeshRenderer.cpp">
      <Filter>Archivos de origen</Filter>
    </ClCompile>
    <ClCompile Include="..\..\src\LocoMotor_Graphics\cpp\SGTechniqueResolverListener.cpp">
      <Filter>Archivos de origen</Filter>
    </ClCompile>
    <ClCompile Include="..\..\src\LocoMotor_Graphics\cpp\OverlayManager.cpp">
      <Filter>Archivos de origen\Overlay</Filter>
    </ClCompile>
    <ClCompile Include="..\..\src\LocoMotor_Graphics\cpp\UIImage.cpp">
      <Filter>Archivos de origen\Overlay</Filter>
    </ClCompile>
    <ClCompile Include="..\..\src\LocoMotor_Graphics\cpp\UIText.cpp">
      <Filter>Archivos de origen\Overlay</Filter>
    </ClCompile>
    <ClCompile Include="..\..\src\LocoMotor_Graphics\cpp\Light.cpp">
      <Filter>Archivos de origen</Filter>
    </ClCompile>
  </ItemGroup>
</Project>